lockfileVersion: 5.3

specifiers:
  '@rush-temp/my-app': file:./projects/my-app.tgz
  '@rush-temp/my-app-react-17': file:./projects/my-app-react-17.tgz
  '@rush-temp/my-controls': file:./projects/my-controls.tgz
  my-toolchain: ^1.0.0
  typescript: ^3.0.3
  whatwg-fetch: ^3.0.0

dependencies:
  '@rush-temp/my-app': file:projects/my-app.tgz
  '@rush-temp/my-app-react-17': file:projects/my-app-react-17.tgz
  '@rush-temp/my-controls': file:projects/my-controls.tgz
  my-toolchain: 1.0.0
  typescript: 3.9.10
  whatwg-fetch: 3.6.2

packages:

  /js-tokens/4.0.0:
    resolution: {integrity: sha512-RdJUflcE3cUzKiMqQgsCu06FPu9UdIJO0beYbPhHN4k6apgJtifcoCtT9bcxOpYBtpD2kCM6Sbzg4CausW/PKQ==}
    dev: false

  /loose-envify/1.4.0:
    resolution: {integrity: sha512-lyuxPGr/Wfhrlem2CL/UcnUc1zcqKAImBDzukY7Y5F/yQiNdko6+fRLevlw1HgMySw7f611UIY408EtxRSoK3Q==}
    hasBin: true
    dependencies:
      js-tokens: 4.0.0
    dev: false

  /my-toolchain/1.0.0:
    resolution: {integrity: sha512-q0xSJro3XhOQk6nqabLCQyMLEgms9dsQLr6Nk0AOwV5cwV1/ReQN2kdbcdNe+Ve/6Fl1+UH72y7lKhZUPJ2iSw==}
    requiresBuild: true
    dev: false

  /object-assign/4.1.1:
    resolution: {integrity: sha1-IQmtx5ZYh8/AXLvUQsrIv7s2CGM=}
    engines: {node: '>=0.10.0'}
    dev: false

  /prop-types/15.7.2:
    resolution: {integrity: sha512-8QQikdH7//R2vurIJSutZ1smHYTcLpRWEOlHnzcWHmBYrOGUysKwSsrC89BCiFj3CbrfJ/nXFdJepOVrY1GCHQ==}
    dependencies:
      loose-envify: 1.4.0
      object-assign: 4.1.1
      react-is: 16.13.1
    dev: false

  /react-is/16.13.1:
    resolution: {integrity: sha512-24e6ynE2H+OKt4kqsOvNd8kBpV65zoxbA4BVsEOB3ARVWQki/DHzaUoC5KuON/BiccDaCCTZBuOcfZs70kR8bQ==}
    dev: false

  /react/16.8.0:
    resolution: {integrity: sha512-g+nikW2D48kqgWSPwNo0NH9tIGG3DsQFlrtrQ1kj6W77z5ahyIHG0w8kPpz4Sdj6gyLnz0lEd/xsjOoGge2MYQ==}
    engines: {node: '>=0.10.0'}
    dependencies:
      loose-envify: 1.4.0
      object-assign: 4.1.1
      prop-types: 15.7.2
      scheduler: 0.13.6
    dev: false

  /react/17.0.0:
    resolution: {integrity: sha512-rG9bqS3LMuetoSUKHN8G3fMNuQOePKDThK6+2yXFWtoeTDLVNh/QCaxT+Jr+rNf4lwNXpx+atdn3Aa0oi8/6eQ==}
    engines: {node: '>=0.10.0'}
    dependencies:
      loose-envify: 1.4.0
      object-assign: 4.1.1
    dev: false

  /scheduler/0.13.6:
    resolution: {integrity: sha512-IWnObHt413ucAYKsD9J1QShUKkbKLQQHdxRyw73sw4FN26iWr3DY/H34xGPe4nmL1DwXyWmSWmMrA9TfQbE/XQ==}
    dependencies:
      loose-envify: 1.4.0
      object-assign: 4.1.1
    dev: false

  /typescript/3.9.10:
    resolution: {integrity: sha512-w6fIxVE/H1PkLKcCPsFqKE7Kv7QUwhU8qQY2MueZXWx5cPZdwFupLgKK3vntcK98BtNHZtAF4LA/yl2a7k8R6Q==}
    engines: {node: '>=4.2.0'}
    hasBin: true
    dev: false

  /whatwg-fetch/3.6.2:
    resolution: {integrity: sha512-bJlen0FcuU/0EMLrdbJ7zOnW6ITZLrZMIarMUVmdKtsGvZna8vxKYaexICWPfZ8qwf9fzNq+UEIZrnSaApt6RA==}
    dev: false

  file:projects/my-app-react-17.tgz:
    resolution: {integrity: sha512-l1bh7WcioslM7n+P0MvH2Xy+MbWPY9Na2fcHtd5Def1itRdOC/QZV6HdOl6KOYae4kqZBzudP2v0LsbVvwb5AQ==, tarball: file:projects/my-app-react-17.tgz}
    name: '@rush-temp/my-app-react-17'
    version: 0.0.0
    dependencies:
      my-toolchain: 1.0.0
      react: 17.0.0
      typescript: 3.9.10
      whatwg-fetch: 3.6.2
    dev: false

  file:projects/my-app.tgz:
    resolution: {integrity: sha512-b5nG8O58DKWEo3gXk03XjcB/fyNsITOdGOuwG9oCQslnS8S6+m+zpVZHund013Rg7Aj+3mCZ9G/IwrpXyv2uAg==, tarball: file:projects/my-app.tgz}
    name: '@rush-temp/my-app'
    version: 0.0.0
    dependencies:
      my-toolchain: 1.0.0
      react: 16.8.0
      typescript: 3.9.10
      whatwg-fetch: 3.6.2
    dev: false

  file:projects/my-controls.tgz:
    resolution: {integrity: sha512-LORuU27KXn68Qwh2awj857pQsiDS4ehpaTcdwqKdfyFLaguxiUiLD8ht+5ZQeLM3O/hrM8v/n1fvjkdXaAoBOQ==, tarball: file:projects/my-controls.tgz}
    name: '@rush-temp/my-controls'
    version: 0.0.0
    dependencies:
      react: 17.0.0
      typescript: 3.9.10
    dev: false
